
Microsoft Visual Studio Solution File, Format Version 12.00
# Visual Studio Version 16
VisualStudioVersion = 16.0.29613.14
MinimumVisualStudioVersion = 10.0.40219.1
Project("{9A19103F-16F7-4668-BE54-9A1E7A4F7556}") = "ElephantCarpaccio", "ElephantCarpaccio\ElephantCarpaccio.csproj", "{BA6F82B2-126F-4894-A806-01A76452A496}"
EndProject
Project("{FAE04EC0-301F-11D3-BF4B-00C04F79EFBC}") = "ElephantCarpaccio.Test", "ElephantCarpaccio.Test\ElephantCarpaccio.Test.csproj", "{8859871E-456A-486F-971F-9B76C5847A9D}"
EndProject
Global
	GlobalSection(SolutionConfigurationPlatforms) = preSolution
		Debug|Any CPU = Debug|Any CPU
		Release|Any CPU = Release|Any CPU
	EndGlobalSection
	GlobalSection(ProjectConfigurationPlatforms) = postSolution
		{BA6F82B2-126F-4894-A806-01A76452A496}.Debug|Any CPU.ActiveCfg = Debug|Any CPU
		{BA6F82B2-126F-4894-A806-01A76452A496}.Debug|Any CPU.Build.0 = Debug|Any CPU
		{BA6F82B2-126F-4894-A806-01A76452A496}.Release|Any CPU.ActiveCfg = Release|Any CPU
		{BA6F82B2-126F-4894-A806-01A76452A496}.Release|Any CPU.Build.0 = Release|Any CPU
		{8859871E-456A-486F-971F-9B76C5847A9D}.Debug|Any CPU.ActiveCfg = Debug|Any CPU
		{8859871E-456A-486F-971F-9B76C5847A9D}.Debug|Any CPU.Build.0 = Debug|Any CPU
		{8859871E-456A-486F-971F-9B76C5847A9D}.Release|Any CPU.ActiveCfg = Release|Any CPU
		{8859871E-456A-486F-971F-9B76C5847A9D}.Release|Any CPU.Build.0 = Release|Any CPU
	EndGlobalSection
	GlobalSection(SolutionProperties) = preSolution
		HideSolutionNode = FALSE
	EndGlobalSection
	GlobalSection(ExtensibilityGlobals) = postSolution
		SolutionGuid = {C6370506-205F-44F0-9057-FBDAE488CAED}
	EndGlobalSection
EndGlobal
